
Microsoft Visual Studio Solution File, Format Version 12.00
# Visual Studio Version 17
VisualStudioVersion = 17.14.36717.8
MinimumVisualStudioVersion = 10.0.40219.1
Project("{2150E333-8FDC-42A3-9474-1A3956D46DE8}") = "Task0", "Task0", "{02EA681E-C7D8-13C7-8484-4AC65E1B71E8}"
EndProject
Project("{FAE04EC0-301F-11D3-BF4B-00C04F79EFBC}") = "Tyuiu.MertsKV.Sprint6.Task0.V26.Lib", "Tyuiu.MertsKV.Sprint6.Task0.V26.Lib\Tyuiu.MertsKV.Sprint6.Task0.V26.Lib.csproj", "{D08B3FEB-4212-4299-8869-1AB0B0B687F4}"
EndProject
Project("{FAE04EC0-301F-11D3-BF4B-00C04F79EFBC}") = "Tyuiu.MertsKV.Sprint6.Task0.V26.Test", "Tyuiu.MertsKV.Sprint6.Task0.V26.Test\Tyuiu.MertsKV.Sprint6.Task0.V26.Test.csproj", "{572FC582-FE78-478C-9CB9-EDDD21FC184E}"
EndProject
Project("{FAE04EC0-301F-11D3-BF4B-00C04F79EFBC}") = "Tyuiu.MertsKV.Sprint6.Task0.V26", "Tyuiu.MertsKV.Sprint6.Task0.V26\Tyuiu.MertsKV.Sprint6.Task0.V26.csproj", "{AA04CBA6-CEB3-4F2B-A0D0-8EAC7FE4307E}"
EndProject
Project("{2150E333-8FDC-42A3-9474-1A3956D46DE8}") = "Task1", "Task1", "{73C0358B-12D1-461B-AB2A-2FA91D7F0CE4}"
EndProject
Project("{FAE04EC0-301F-11D3-BF4B-00C04F79EFBC}") = "Tyuiu.MertsKV.Sprint6.Task1.V28.Lib", "Tyuiu.MertsKV.Sprint6.Task1.V28.Lib\Tyuiu.MertsKV.Sprint6.Task1.V28.Lib.csproj", "{AD8F6800-80FE-4FA7-A4FF-0D2C7ED85F82}"
EndProject
Project("{FAE04EC0-301F-11D3-BF4B-00C04F79EFBC}") = "Tyuiu.MertsKV.Sprint6.Task1.V28.Test", "Tyuiu.MertsKV.Sprint6.Task1.V28.Test\Tyuiu.MertsKV.Sprint6.Task1.V28.Test.csproj", "{E37C2E0F-CC5D-4F25-AB47-CE0255C7909A}"
EndProject
Project("{FAE04EC0-301F-11D3-BF4B-00C04F79EFBC}") = "Tyuiu.MertsKV.Sprint6.Task1.V28", "Tyuiu.MertsKV.Sprint6.Task1.V28\Tyuiu.MertsKV.Sprint6.Task1.V28.csproj", "{14AD4D80-C9B4-4215-ADC7-C9C59A35C7E6}"
EndProject
Project("{2150E333-8FDC-42A3-9474-1A3956D46DE8}") = "Task2", "Task2", "{7F827965-1594-4DB7-8B76-48520FC43393}"
EndProject
Project("{FAE04EC0-301F-11D3-BF4B-00C04F79EFBC}") = "Tyuiu.MertsKV.Sprint6.Task2.V1.Lib", "Tyuiu.MertsKV.Sprint6.Task2.V1.Lib\Tyuiu.MertsKV.Sprint6.Task2.V1.Lib.csproj", "{E809E5E0-9984-40EF-A33B-8835CB76B2E2}"
EndProject
Project("{FAE04EC0-301F-11D3-BF4B-00C04F79EFBC}") = "Tyuiu.MertsKV.Sprint6.Task2.V1.Test", "Tyuiu.MertsKV.Sprint6.Task2.V1.Test\Tyuiu.MertsKV.Sprint6.Task2.V1.Test.csproj", "{93E9BF67-4EC0-41CB-89F3-CEBD5CD58BF8}"
EndProject
Project("{FAE04EC0-301F-11D3-BF4B-00C04F79EFBC}") = "Tyuiu.MertsKV.Sprint6.Task2.V1", "Tyuiu.MertsKV.Sprint6.Task2.V1\Tyuiu.MertsKV.Sprint6.Task2.V1.csproj", "{4A198787-A163-4675-A90C-4821BC34352F}"
EndProject
Project("{2150E333-8FDC-42A3-9474-1A3956D46DE8}") = "Task3", "Task3", "{AB0A215A-0956-4B0B-9E1E-571E52DA4A1E}"
EndProject
Project("{FAE04EC0-301F-11D3-BF4B-00C04F79EFBC}") = "Tyuiu.MertsKV.Sprint6.Task3.V22.Lib", "Tyuiu.MertsKV.Sprint6.Task3.V22.Lib\Tyuiu.MertsKV.Sprint6.Task3.V22.Lib.csproj", "{A570DD12-13E3-45B3-B36E-E49A0114040C}"
EndProject
Project("{FAE04EC0-301F-11D3-BF4B-00C04F79EFBC}") = "Tyuiu.MertsKV.Sprint6.Task3.V22.Test", "Tyuiu.MertsKV.Sprint6.Task3.V22.Test\Tyuiu.MertsKV.Sprint6.Task3.V22.Test.csproj", "{D227B70F-1E68-4EAF-BAE1-3CD9FB1286B2}"
EndProject
Project("{FAE04EC0-301F-11D3-BF4B-00C04F79EFBC}") = "Tyuiu.MertsKV.Sprint6.Task3.V22", "Tyuiu.MertsKV.Sprint6.Task3.V22\Tyuiu.MertsKV.Sprint6.Task3.V22.csproj", "{B4A57E5A-4E0F-4ED1-BE6B-7938FFC535F6}"
EndProject
Project("{2150E333-8FDC-42A3-9474-1A3956D46DE8}") = "Task4", "Task4", "{373C60C3-4B93-47EC-921F-57843D62A00A}"
EndProject
Project("{FAE04EC0-301F-11D3-BF4B-00C04F79EFBC}") = "Tyuiu.MertsKV.Sprint6.Task4.V10.Lib", "Tyuiu.MertsKV.Sprint6.Task4.V10.Lib\Tyuiu.MertsKV.Sprint6.Task4.V10.Lib.csproj", "{0DE700A0-5357-49F9-908D-40A42EE9556F}"
EndProject
Project("{FAE04EC0-301F-11D3-BF4B-00C04F79EFBC}") = "Tyuiu.MertsKV.Sprint6.Task4.V10.Test", "Tyuiu.MertsKV.Sprint6.Task4.V10.Test\Tyuiu.MertsKV.Sprint6.Task4.V10.Test.csproj", "{D6B22FF7-028A-4627-89D7-017A56C282E6}"
EndProject
Project("{FAE04EC0-301F-11D3-BF4B-00C04F79EFBC}") = "Tyuiu.MertsKV.Sprint6.Task4.V10", "Tyuiu.MertsKV.Sprint6.Task4.V10\Tyuiu.MertsKV.Sprint6.Task4.V10.csproj", "{E40B00E3-C0F2-4FD8-BBE1-F85E7380FDD4}"
EndProject
Project("{2150E333-8FDC-42A3-9474-1A3956D46DE8}") = "Task5", "Task5", "{925259BF-8CAB-4ADD-A24F-F7CC29173664}"
EndProject
Project("{FAE04EC0-301F-11D3-BF4B-00C04F79EFBC}") = "Tyuiu.MertsKV.Sprint6.Task5.V7.Lib", "Tyuiu.MertsKV.Sprint6.Task5.V7.Lib\Tyuiu.MertsKV.Sprint6.Task5.V7.Lib.csproj", "{C7C8C2A6-03CD-40D8-9F67-F27AD6A5A9AB}"
EndProject
Project("{FAE04EC0-301F-11D3-BF4B-00C04F79EFBC}") = "Tyuiu.MertsKV.Sprint6.Task5.V7.Test", "Tyuiu.MertsKV.Sprint6.Task5.V7.Test\Tyuiu.MertsKV.Sprint6.Task5.V7.Test.csproj", "{56AC1A33-20A9-45A6-80E1-7B46C5C85674}"
EndProject
Project("{FAE04EC0-301F-11D3-BF4B-00C04F79EFBC}") = "Tyuiu.MertsKV.Sprint6.Task5.V7", "Tyuiu.MertsKV.Sprint6.Task5.V7\Tyuiu.MertsKV.Sprint6.Task5.V7.csproj", "{AE321ED5-A641-4D22-8F4E-CC5DC3D6A7F6}"
EndProject
Project("{2150E333-8FDC-42A3-9474-1A3956D46DE8}") = "Task6", "Task6", "{132B322B-B45B-4D15-A43F-E17B8C056BC8}"
EndProject
Project("{FAE04EC0-301F-11D3-BF4B-00C04F79EFBC}") = "Tyuiu.MertsKV.Sprint6.Task6.V26.Lib", "Tyuiu.MertsKV.Sprint6.Task6.V26.Lib\Tyuiu.MertsKV.Sprint6.Task6.V26.Lib.csproj", "{90DAE4EF-09D8-4034-9ED0-EB32F8E57290}"
EndProject
Project("{FAE04EC0-301F-11D3-BF4B-00C04F79EFBC}") = "Tyuiu.MertsKV.Sprint6.Task6.V26.Test", "Tyuiu.MertsKV.Sprint6.Task6.V26.Test\Tyuiu.MertsKV.Sprint6.Task6.V26.Test.csproj", "{E24CE2FA-01AE-4084-861A-227369176D06}"
EndProject
Project("{FAE04EC0-301F-11D3-BF4B-00C04F79EFBC}") = "Tyuiu.MertsKV.Sprint6.Task6.V26", "Tyuiu.MertsKV.Sprint6.Task6.V26\Tyuiu.MertsKV.Sprint6.Task6.V26.csproj", "{CB624D14-E3F4-4C43-B8F2-1189E125C3DA}"
EndProject
Project("{2150E333-8FDC-42A3-9474-1A3956D46DE8}") = "Task7", "Task7", "{78524A1D-13F8-438C-9595-00BB1125BAC8}"
EndProject
Project("{FAE04EC0-301F-11D3-BF4B-00C04F79EFBC}") = "Tyuiu.MertsKV.Sprint6.Task7.V12.Lib", "Tyuiu.MertsKV.Sprint6.Task7.V12.Lib\Tyuiu.MertsKV.Sprint6.Task7.V12.Lib.csproj", "{862A394A-90AB-47CC-B6C9-A364C80E47ED}"
EndProject
Project("{FAE04EC0-301F-11D3-BF4B-00C04F79EFBC}") = "Tyuiu.MertsKV.Sprint6.Task7.V12.Test", "Tyuiu.MertsKV.Sprint6.Task7.V12.Test\Tyuiu.MertsKV.Sprint6.Task7.V12.Test.csproj", "{8A0346E9-B421-4BAD-9801-5161E247566D}"
EndProject
Project("{FAE04EC0-301F-11D3-BF4B-00C04F79EFBC}") = "Tyuiu.MertsKV.Sprint6.Task7.V12", "Tyuiu.MertsKV.Sprint6.Task7.V12\Tyuiu.MertsKV.Sprint6.Task7.V12.csproj", "{82BD42D4-06DE-4059-B503-6418EAD274EB}"
EndProject
Global
	GlobalSection(SolutionConfigurationPlatforms) = preSolution
		Debug|Any CPU = Debug|Any CPU
		Release|Any CPU = Release|Any CPU
	EndGlobalSection
	GlobalSection(ProjectConfigurationPlatforms) = postSolution
		{D08B3FEB-4212-4299-8869-1AB0B0B687F4}.Debug|Any CPU.ActiveCfg = Debug|Any CPU
		{D08B3FEB-4212-4299-8869-1AB0B0B687F4}.Debug|Any CPU.Build.0 = Debug|Any CPU
		{D08B3FEB-4212-4299-8869-1AB0B0B687F4}.Release|Any CPU.ActiveCfg = Release|Any CPU
		{D08B3FEB-4212-4299-8869-1AB0B0B687F4}.Release|Any CPU.Build.0 = Release|Any CPU
		{572FC582-FE78-478C-9CB9-EDDD21FC184E}.Debug|Any CPU.ActiveCfg = Debug|Any CPU
		{572FC582-FE78-478C-9CB9-EDDD21FC184E}.Debug|Any CPU.Build.0 = Debug|Any CPU
		{572FC582-FE78-478C-9CB9-EDDD21FC184E}.Release|Any CPU.ActiveCfg = Release|Any CPU
		{572FC582-FE78-478C-9CB9-EDDD21FC184E}.Release|Any CPU.Build.0 = Release|Any CPU
		{AA04CBA6-CEB3-4F2B-A0D0-8EAC7FE4307E}.Debug|Any CPU.ActiveCfg = Debug|Any CPU
		{AA04CBA6-CEB3-4F2B-A0D0-8EAC7FE4307E}.Debug|Any CPU.Build.0 = Debug|Any CPU
		{AA04CBA6-CEB3-4F2B-A0D0-8EAC7FE4307E}.Release|Any CPU.ActiveCfg = Release|Any CPU
		{AA04CBA6-CEB3-4F2B-A0D0-8EAC7FE4307E}.Release|Any CPU.Build.0 = Release|Any CPU
		{AD8F6800-80FE-4FA7-A4FF-0D2C7ED85F82}.Debug|Any CPU.ActiveCfg = Debug|Any CPU
		{AD8F6800-80FE-4FA7-A4FF-0D2C7ED85F82}.Debug|Any CPU.Build.0 = Debug|Any CPU
		{AD8F6800-80FE-4FA7-A4FF-0D2C7ED85F82}.Release|Any CPU.ActiveCfg = Release|Any CPU
		{AD8F6800-80FE-4FA7-A4FF-0D2C7ED85F82}.Release|Any CPU.Build.0 = Release|Any CPU
		{E37C2E0F-CC5D-4F25-AB47-CE0255C7909A}.Debug|Any CPU.ActiveCfg = Debug|Any CPU
		{E37C2E0F-CC5D-4F25-AB47-CE0255C7909A}.Debug|Any CPU.Build.0 = Debug|Any CPU
		{E37C2E0F-CC5D-4F25-AB47-CE0255C7909A}.Release|Any CPU.ActiveCfg = Release|Any CPU
		{E37C2E0F-CC5D-4F25-AB47-CE0255C7909A}.Release|Any CPU.Build.0 = Release|Any CPU
		{14AD4D80-C9B4-4215-ADC7-C9C59A35C7E6}.Debug|Any CPU.ActiveCfg = Debug|Any CPU
		{14AD4D80-C9B4-4215-ADC7-C9C59A35C7E6}.Debug|Any CPU.Build.0 = Debug|Any CPU
		{14AD4D80-C9B4-4215-ADC7-C9C59A35C7E6}.Release|Any CPU.ActiveCfg = Release|Any CPU
		{14AD4D80-C9B4-4215-ADC7-C9C59A35C7E6}.Release|Any CPU.Build.0 = Release|Any CPU
		{E809E5E0-9984-40EF-A33B-8835CB76B2E2}.Debug|Any CPU.ActiveCfg = Debug|Any CPU
		{E809E5E0-9984-40EF-A33B-8835CB76B2E2}.Debug|Any CPU.Build.0 = Debug|Any CPU
		{E809E5E0-9984-40EF-A33B-8835CB76B2E2}.Release|Any CPU.ActiveCfg = Release|Any CPU
		{E809E5E0-9984-40EF-A33B-8835CB76B2E2}.Release|Any CPU.Build.0 = Release|Any CPU
		{93E9BF67-4EC0-41CB-89F3-CEBD5CD58BF8}.Debug|Any CPU.ActiveCfg = Debug|Any CPU
		{93E9BF67-4EC0-41CB-89F3-CEBD5CD58BF8}.Debug|Any CPU.Build.0 = Debug|Any CPU
		{93E9BF67-4EC0-41CB-89F3-CEBD5CD58BF8}.Release|Any CPU.ActiveCfg = Release|Any CPU
		{93E9BF67-4EC0-41CB-89F3-CEBD5CD58BF8}.Release|Any CPU.Build.0 = Release|Any CPU
		{4A198787-A163-4675-A90C-4821BC34352F}.Debug|Any CPU.ActiveCfg = Debug|Any CPU
		{4A198787-A163-4675-A90C-4821BC34352F}.Debug|Any CPU.Build.0 = Debug|Any CPU
		{4A198787-A163-4675-A90C-4821BC34352F}.Release|Any CPU.ActiveCfg = Release|Any CPU
		{4A198787-A163-4675-A90C-4821BC34352F}.Release|Any CPU.Build.0 = Release|Any CPU
		{A570DD12-13E3-45B3-B36E-E49A0114040C}.Debug|Any CPU.ActiveCfg = Debug|Any CPU
		{A570DD12-13E3-45B3-B36E-E49A0114040C}.Debug|Any CPU.Build.0 = Debug|Any CPU
		{A570DD12-13E3-45B3-B36E-E49A0114040C}.Release|Any CPU.ActiveCfg = Release|Any CPU
		{A570DD12-13E3-45B3-B36E-E49A0114040C}.Release|Any CPU.Build.0 = Release|Any CPU
		{D227B70F-1E68-4EAF-BAE1-3CD9FB1286B2}.Debug|Any CPU.ActiveCfg = Debug|Any CPU
		{D227B70F-1E68-4EAF-BAE1-3CD9FB1286B2}.Debug|Any CPU.Build.0 = Debug|Any CPU
		{D227B70F-1E68-4EAF-BAE1-3CD9FB1286B2}.Release|Any CPU.ActiveCfg = Release|Any CPU
		{D227B70F-1E68-4EAF-BAE1-3CD9FB1286B2}.Release|Any CPU.Build.0 = Release|Any CPU
		{B4A57E5A-4E0F-4ED1-BE6B-7938FFC535F6}.Debug|Any CPU.ActiveCfg = Debug|Any CPU
		{B4A57E5A-4E0F-4ED1-BE6B-7938FFC535F6}.Debug|Any CPU.Build.0 = Debug|Any CPU
		{B4A57E5A-4E0F-4ED1-BE6B-7938FFC535F6}.Release|Any CPU.ActiveCfg = Release|Any CPU
		{B4A57E5A-4E0F-4ED1-BE6B-7938FFC535F6}.Release|Any CPU.Build.0 = Release|Any CPU
		{0DE700A0-5357-49F9-908D-40A42EE9556F}.Debug|Any CPU.ActiveCfg = Debug|Any CPU
		{0DE700A0-5357-49F9-908D-40A42EE9556F}.Debug|Any CPU.Build.0 = Debug|Any CPU
		{0DE700A0-5357-49F9-908D-40A42EE9556F}.Release|Any CPU.ActiveCfg = Release|Any CPU
		{0DE700A0-5357-49F9-908D-40A42EE9556F}.Release|Any CPU.Build.0 = Release|Any CPU
		{D6B22FF7-028A-4627-89D7-017A56C282E6}.Debug|Any CPU.ActiveCfg = Debug|Any CPU
		{D6B22FF7-028A-4627-89D7-017A56C282E6}.Debug|Any CPU.Build.0 = Debug|Any CPU
		{D6B22FF7-028A-4627-89D7-017A56C282E6}.Release|Any CPU.ActiveCfg = Release|Any CPU
		{D6B22FF7-028A-4627-89D7-017A56C282E6}.Release|Any CPU.Build.0 = Release|Any CPU
		{E40B00E3-C0F2-4FD8-BBE1-F85E7380FDD4}.Debug|Any CPU.ActiveCfg = Debug|Any CPU
		{E40B00E3-C0F2-4FD8-BBE1-F85E7380FDD4}.Debug|Any CPU.Build.0 = Debug|Any CPU
		{E40B00E3-C0F2-4FD8-BBE1-F85E7380FDD4}.Release|Any CPU.ActiveCfg = Release|Any CPU
		{E40B00E3-C0F2-4FD8-BBE1-F85E7380FDD4}.Release|Any CPU.Build.0 = Release|Any CPU
		{C7C8C2A6-03CD-40D8-9F67-F27AD6A5A9AB}.Debug|Any CPU.ActiveCfg = Debug|Any CPU
		{C7C8C2A6-03CD-40D8-9F67-F27AD6A5A9AB}.Debug|Any CPU.Build.0 = Debug|Any CPU
		{C7C8C2A6-03CD-40D8-9F67-F27AD6A5A9AB}.Release|Any CPU.ActiveCfg = Release|Any CPU
		{C7C8C2A6-03CD-40D8-9F67-F27AD6A5A9AB}.Release|Any CPU.Build.0 = Release|Any CPU
		{56AC1A33-20A9-45A6-80E1-7B46C5C85674}.Debug|Any CPU.ActiveCfg = Debug|Any CPU
		{56AC1A33-20A9-45A6-80E1-7B46C5C85674}.Debug|Any CPU.Build.0 = Debug|Any CPU
		{56AC1A33-20A9-45A6-80E1-7B46C5C85674}.Release|Any CPU.ActiveCfg = Release|Any CPU
		{56AC1A33-20A9-45A6-80E1-7B46C5C85674}.Release|Any CPU.Build.0 = Release|Any CPU
		{AE321ED5-A641-4D22-8F4E-CC5DC3D6A7F6}.Debug|Any CPU.ActiveCfg = Debug|Any CPU
		{AE321ED5-A641-4D22-8F4E-CC5DC3D6A7F6}.Debug|Any CPU.Build.0 = Debug|Any CPU
		{AE321ED5-A641-4D22-8F4E-CC5DC3D6A7F6}.Release|Any CPU.ActiveCfg = Release|Any CPU
		{AE321ED5-A641-4D22-8F4E-CC5DC3D6A7F6}.Release|Any CPU.Build.0 = Release|Any CPU
		{90DAE4EF-09D8-4034-9ED0-EB32F8E57290}.Debug|Any CPU.ActiveCfg = Debug|Any CPU
		{90DAE4EF-09D8-4034-9ED0-EB32F8E57290}.Debug|Any CPU.Build.0 = Debug|Any CPU
		{90DAE4EF-09D8-4034-9ED0-EB32F8E57290}.Release|Any CPU.ActiveCfg = Release|Any CPU
		{90DAE4EF-09D8-4034-9ED0-EB32F8E57290}.Release|Any CPU.Build.0 = Release|Any CPU
		{E24CE2FA-01AE-4084-861A-227369176D06}.Debug|Any CPU.ActiveCfg = Debug|Any CPU
		{E24CE2FA-01AE-4084-861A-227369176D06}.Debug|Any CPU.Build.0 = Debug|Any CPU
		{E24CE2FA-01AE-4084-861A-227369176D06}.Release|Any CPU.ActiveCfg = Release|Any CPU
		{E24CE2FA-01AE-4084-861A-227369176D06}.Release|Any CPU.Build.0 = Release|Any CPU
		{CB624D14-E3F4-4C43-B8F2-1189E125C3DA}.Debug|Any CPU.ActiveCfg = Debug|Any CPU
		{CB624D14-E3F4-4C43-B8F2-1189E125C3DA}.Debug|Any CPU.Build.0 = Debug|Any CPU
		{CB624D14-E3F4-4C43-B8F2-1189E125C3DA}.Release|Any CPU.ActiveCfg = Release|Any CPU
		{CB624D14-E3F4-4C43-B8F2-1189E125C3DA}.Release|Any CPU.Build.0 = Release|Any CPU
		{862A394A-90AB-47CC-B6C9-A364C80E47ED}.Debug|Any CPU.ActiveCfg = Debug|Any CPU
		{862A394A-90AB-47CC-B6C9-A364C80E47ED}.Debug|Any CPU.Build.0 = Debug|Any CPU
		{862A394A-90AB-47CC-B6C9-A364C80E47ED}.Release|Any CPU.ActiveCfg = Release|Any CPU
		{862A394A-90AB-47CC-B6C9-A364C80E47ED}.Release|Any CPU.Build.0 = Release|Any CPU
		{8A0346E9-B421-4BAD-9801-5161E247566D}.Debug|Any CPU.ActiveCfg = Debug|Any CPU
		{8A0346E9-B421-4BAD-9801-5161E247566D}.Debug|Any CPU.Build.0 = Debug|Any CPU
		{8A0346E9-B421-4BAD-9801-5161E247566D}.Release|Any CPU.ActiveCfg = Release|Any CPU
		{8A0346E9-B421-4BAD-9801-5161E247566D}.Release|Any CPU.Build.0 = Release|Any CPU
		{82BD42D4-06DE-4059-B503-6418EAD274EB}.Debug|Any CPU.ActiveCfg = Debug|Any CPU
		{82BD42D4-06DE-4059-B503-6418EAD274EB}.Debug|Any CPU.Build.0 = Debug|Any CPU
		{82BD42D4-06DE-4059-B503-6418EAD274EB}.Release|Any CPU.ActiveCfg = Release|Any CPU
		{82BD42D4-06DE-4059-B503-6418EAD274EB}.Release|Any CPU.Build.0 = Release|Any CPU
	EndGlobalSection
	GlobalSection(SolutionProperties) = preSolution
		HideSolutionNode = FALSE
	EndGlobalSection
	GlobalSection(NestedProjects) = preSolution
		{D08B3FEB-4212-4299-8869-1AB0B0B687F4} = {02EA681E-C7D8-13C7-8484-4AC65E1B71E8}
		{572FC582-FE78-478C-9CB9-EDDD21FC184E} = {02EA681E-C7D8-13C7-8484-4AC65E1B71E8}
		{AA04CBA6-CEB3-4F2B-A0D0-8EAC7FE4307E} = {02EA681E-C7D8-13C7-8484-4AC65E1B71E8}
		{AD8F6800-80FE-4FA7-A4FF-0D2C7ED85F82} = {73C0358B-12D1-461B-AB2A-2FA91D7F0CE4}
		{E37C2E0F-CC5D-4F25-AB47-CE0255C7909A} = {73C0358B-12D1-461B-AB2A-2FA91D7F0CE4}
		{14AD4D80-C9B4-4215-ADC7-C9C59A35C7E6} = {73C0358B-12D1-461B-AB2A-2FA91D7F0CE4}
		{E809E5E0-9984-40EF-A33B-8835CB76B2E2} = {7F827965-1594-4DB7-8B76-48520FC43393}
		{93E9BF67-4EC0-41CB-89F3-CEBD5CD58BF8} = {7F827965-1594-4DB7-8B76-48520FC43393}
		{4A198787-A163-4675-A90C-4821BC34352F} = {7F827965-1594-4DB7-8B76-48520FC43393}
		{A570DD12-13E3-45B3-B36E-E49A0114040C} = {AB0A215A-0956-4B0B-9E1E-571E52DA4A1E}
		{D227B70F-1E68-4EAF-BAE1-3CD9FB1286B2} = {AB0A215A-0956-4B0B-9E1E-571E52DA4A1E}
		{B4A57E5A-4E0F-4ED1-BE6B-7938FFC535F6} = {AB0A215A-0956-4B0B-9E1E-571E52DA4A1E}
		{0DE700A0-5357-49F9-908D-40A42EE9556F} = {373C60C3-4B93-47EC-921F-57843D62A00A}
		{D6B22FF7-028A-4627-89D7-017A56C282E6} = {373C60C3-4B93-47EC-921F-57843D62A00A}
		{E40B00E3-C0F2-4FD8-BBE1-F85E7380FDD4} = {373C60C3-4B93-47EC-921F-57843D62A00A}
		{C7C8C2A6-03CD-40D8-9F67-F27AD6A5A9AB} = {925259BF-8CAB-4ADD-A24F-F7CC29173664}
		{56AC1A33-20A9-45A6-80E1-7B46C5C85674} = {925259BF-8CAB-4ADD-A24F-F7CC29173664}
		{AE321ED5-A641-4D22-8F4E-CC5DC3D6A7F6} = {925259BF-8CAB-4ADD-A24F-F7CC29173664}
		{90DAE4EF-09D8-4034-9ED0-EB32F8E57290} = {132B322B-B45B-4D15-A43F-E17B8C056BC8}
		{E24CE2FA-01AE-4084-861A-227369176D06} = {132B322B-B45B-4D15-A43F-E17B8C056BC8}
		{CB624D14-E3F4-4C43-B8F2-1189E125C3DA} = {132B322B-B45B-4D15-A43F-E17B8C056BC8}
		{862A394A-90AB-47CC-B6C9-A364C80E47ED} = {78524A1D-13F8-438C-9595-00BB1125BAC8}
		{8A0346E9-B421-4BAD-9801-5161E247566D} = {78524A1D-13F8-438C-9595-00BB1125BAC8}
		{82BD42D4-06DE-4059-B503-6418EAD274EB} = {78524A1D-13F8-438C-9595-00BB1125BAC8}
	EndGlobalSection
	GlobalSection(ExtensibilityGlobals) = postSolution
		SolutionGuid = {93D5B40A-E1CB-4828-A312-BC813C7FA78E}
	EndGlobalSection
EndGlobal
